
Microsoft Visual Studio Solution File, Format Version 12.00
# Visual Studio Version 17
VisualStudioVersion = 17.0.31903.59
MinimumVisualStudioVersion = 10.0.40219.1
Project("{2150E333-8FDC-42A3-9474-1A3956D46DE8}") = "src", "src", "{827E0CD3-B72D-47B6-A68D-7590B98EB39B}"
EndProject
Project("{FAE04EC0-301F-11D3-BF4B-00C04F79EFBC}") = "Mya.Domain", "src\Mya.Domain\Mya.Domain.csproj", "{F9A29039-9CC2-448F-AAD2-719364BE25A6}"
EndProject
Project("{FAE04EC0-301F-11D3-BF4B-00C04F79EFBC}") = "Mya.Application", "src\Mya.Application\Mya.Application.csproj", "{95A7B8CC-59EF-423A-9F68-607752A631BE}"
EndProject
Project("{FAE04EC0-301F-11D3-BF4B-00C04F79EFBC}") = "Mya.Infrastructure", "src\Mya.Infrastructure\Mya.Infrastructure.csproj", "{C871BB90-B45C-4F7B-8C39-070C209E130E}"
EndProject
Project("{FAE04EC0-301F-11D3-BF4B-00C04F79EFBC}") = "Mya.Api", "src\Mya.Api\Mya.Api.csproj", "{B70AD8B2-A23E-49BA-B102-F798318BA03A}"
EndProject
Project("{2150E333-8FDC-42A3-9474-1A3956D46DE8}") = "tests", "tests", "{0AB3BF05-4346-4AA6-1389-037BE0695223}"
EndProject
Project("{FAE04EC0-301F-11D3-BF4B-00C04F79EFBC}") = "Mya.Application.UnitTests", "tests\Mya.Application.UnitTests\Mya.Application.UnitTests.csproj", "{5A2EF157-6ECC-4F4D-978F-D76B8DF5EF58}"
EndProject
Project("{FAE04EC0-301F-11D3-BF4B-00C04F79EFBC}") = "Mya.Api.IntegrationTests", "tests\Mya.Api.IntegrationTests\Mya.Api.IntegrationTests.csproj", "{B5E9A13D-17E0-401F-9DE2-F04D2D8651F2}"
EndProject
Project("{FAE04EC0-301F-11D3-BF4B-00C04F79EFBC}") = "Mya.ArchitectureTests", "tests\Mya.ArchitectureTests\Mya.ArchitectureTests.csproj", "{E2AA7634-7E24-4870-B187-8DD8A555C5BB}"
EndProject
Global
	GlobalSection(SolutionConfigurationPlatforms) = preSolution
		Debug|Any CPU = Debug|Any CPU
		Debug|x64 = Debug|x64
		Debug|x86 = Debug|x86
		Release|Any CPU = Release|Any CPU
		Release|x64 = Release|x64
		Release|x86 = Release|x86
	EndGlobalSection
	GlobalSection(ProjectConfigurationPlatforms) = postSolution
		{F9A29039-9CC2-448F-AAD2-719364BE25A6}.Debug|Any CPU.ActiveCfg = Debug|Any CPU
		{F9A29039-9CC2-448F-AAD2-719364BE25A6}.Debug|Any CPU.Build.0 = Debug|Any CPU
		{F9A29039-9CC2-448F-AAD2-719364BE25A6}.Debug|x64.ActiveCfg = Debug|Any CPU
		{F9A29039-9CC2-448F-AAD2-719364BE25A6}.Debug|x64.Build.0 = Debug|Any CPU
		{F9A29039-9CC2-448F-AAD2-719364BE25A6}.Debug|x86.ActiveCfg = Debug|Any CPU
		{F9A29039-9CC2-448F-AAD2-719364BE25A6}.Debug|x86.Build.0 = Debug|Any CPU
		{F9A29039-9CC2-448F-AAD2-719364BE25A6}.Release|Any CPU.ActiveCfg = Release|Any CPU
		{F9A29039-9CC2-448F-AAD2-719364BE25A6}.Release|Any CPU.Build.0 = Release|Any CPU
		{F9A29039-9CC2-448F-AAD2-719364BE25A6}.Release|x64.ActiveCfg = Release|Any CPU
		{F9A29039-9CC2-448F-AAD2-719364BE25A6}.Release|x64.Build.0 = Release|Any CPU
		{F9A29039-9CC2-448F-AAD2-719364BE25A6}.Release|x86.ActiveCfg = Release|Any CPU
		{F9A29039-9CC2-448F-AAD2-719364BE25A6}.Release|x86.Build.0 = Release|Any CPU
		{95A7B8CC-59EF-423A-9F68-607752A631BE}.Debug|Any CPU.ActiveCfg = Debug|Any CPU
		{95A7B8CC-59EF-423A-9F68-607752A631BE}.Debug|Any CPU.Build.0 = Debug|Any CPU
		{95A7B8CC-59EF-423A-9F68-607752A631BE}.Debug|x64.ActiveCfg = Debug|Any CPU
		{95A7B8CC-59EF-423A-9F68-607752A631BE}.Debug|x64.Build.0 = Debug|Any CPU
		{95A7B8CC-59EF-423A-9F68-607752A631BE}.Debug|x86.ActiveCfg = Debug|Any CPU
		{95A7B8CC-59EF-423A-9F68-607752A631BE}.Debug|x86.Build.0 = Debug|Any CPU
		{95A7B8CC-59EF-423A-9F68-607752A631BE}.Release|Any CPU.ActiveCfg = Release|Any CPU
		{95A7B8CC-59EF-423A-9F68-607752A631BE}.Release|Any CPU.Build.0 = Release|Any CPU
		{95A7B8CC-59EF-423A-9F68-607752A631BE}.Release|x64.ActiveCfg = Release|Any CPU
		{95A7B8CC-59EF-423A-9F68-607752A631BE}.Release|x64.Build.0 = Release|Any CPU
		{95A7B8CC-59EF-423A-9F68-607752A631BE}.Release|x86.ActiveCfg = Release|Any CPU
		{95A7B8CC-59EF-423A-9F68-607752A631BE}.Release|x86.Build.0 = Release|Any CPU
		{C871BB90-B45C-4F7B-8C39-070C209E130E}.Debug|Any CPU.ActiveCfg = Debug|Any CPU
		{C871BB90-B45C-4F7B-8C39-070C209E130E}.Debug|Any CPU.Build.0 = Debug|Any CPU
		{C871BB90-B45C-4F7B-8C39-070C209E130E}.Debug|x64.ActiveCfg = Debug|Any CPU
		{C871BB90-B45C-4F7B-8C39-070C209E130E}.Debug|x64.Build.0 = Debug|Any CPU
		{C871BB90-B45C-4F7B-8C39-070C209E130E}.Debug|x86.ActiveCfg = Debug|Any CPU
		{C871BB90-B45C-4F7B-8C39-070C209E130E}.Debug|x86.Build.0 = Debug|Any CPU
		{C871BB90-B45C-4F7B-8C39-070C209E130E}.Release|Any CPU.ActiveCfg = Release|Any CPU
		{C871BB90-B45C-4F7B-8C39-070C209E130E}.Release|Any CPU.Build.0 = Release|Any CPU
		{C871BB90-B45C-4F7B-8C39-070C209E130E}.Release|x64.ActiveCfg = Release|Any CPU
		{C871BB90-B45C-4F7B-8C39-070C209E130E}.Release|x64.Build.0 = Release|Any CPU
		{C871BB90-B45C-4F7B-8C39-070C209E130E}.Release|x86.ActiveCfg = Release|Any CPU
		{C871BB90-B45C-4F7B-8C39-070C209E130E}.Release|x86.Build.0 = Release|Any CPU
		{B70AD8B2-A23E-49BA-B102-F798318BA03A}.Debug|Any CPU.ActiveCfg = Debug|Any CPU
		{B70AD8B2-A23E-49BA-B102-F798318BA03A}.Debug|Any CPU.Build.0 = Debug|Any CPU
		{B70AD8B2-A23E-49BA-B102-F798318BA03A}.Debug|x64.ActiveCfg = Debug|Any CPU
		{B70AD8B2-A23E-49BA-B102-F798318BA03A}.Debug|x64.Build.0 = Debug|Any CPU
		{B70AD8B2-A23E-49BA-B102-F798318BA03A}.Debug|x86.ActiveCfg = Debug|Any CPU
		{B70AD8B2-A23E-49BA-B102-F798318BA03A}.Debug|x86.Build.0 = Debug|Any CPU
		{B70AD8B2-A23E-49BA-B102-F798318BA03A}.Release|Any CPU.ActiveCfg = Release|Any CPU
		{B70AD8B2-A23E-49BA-B102-F798318BA03A}.Release|Any CPU.Build.0 = Release|Any CPU
		{B70AD8B2-A23E-49BA-B102-F798318BA03A}.Release|x64.ActiveCfg = Release|Any CPU
		{B70AD8B2-A23E-49BA-B102-F798318BA03A}.Release|x64.Build.0 = Release|Any CPU
		{B70AD8B2-A23E-49BA-B102-F798318BA03A}.Release|x86.ActiveCfg = Release|Any CPU
		{B70AD8B2-A23E-49BA-B102-F798318BA03A}.Release|x86.Build.0 = Release|Any CPU
		{5A2EF157-6ECC-4F4D-978F-D76B8DF5EF58}.Debug|Any CPU.ActiveCfg = Debug|Any CPU
		{5A2EF157-6ECC-4F4D-978F-D76B8DF5EF58}.Debug|Any CPU.Build.0 = Debug|Any CPU
		{5A2EF157-6ECC-4F4D-978F-D76B8DF5EF58}.Debug|x64.ActiveCfg = Debug|Any CPU
		{5A2EF157-6ECC-4F4D-978F-D76B8DF5EF58}.Debug|x64.Build.0 = Debug|Any CPU
		{5A2EF157-6ECC-4F4D-978F-D76B8DF5EF58}.Debug|x86.ActiveCfg = Debug|Any CPU
		{5A2EF157-6ECC-4F4D-978F-D76B8DF5EF58}.Debug|x86.Build.0 = Debug|Any CPU
		{5A2EF157-6ECC-4F4D-978F-D76B8DF5EF58}.Release|Any CPU.ActiveCfg = Release|Any CPU
		{5A2EF157-6ECC-4F4D-978F-D76B8DF5EF58}.Release|Any CPU.Build.0 = Release|Any CPU
		{5A2EF157-6ECC-4F4D-978F-D76B8DF5EF58}.Release|x64.ActiveCfg = Release|Any CPU
		{5A2EF157-6ECC-4F4D-978F-D76B8DF5EF58}.Release|x64.Build.0 = Release|Any CPU
		{5A2EF157-6ECC-4F4D-978F-D76B8DF5EF58}.Release|x86.ActiveCfg = Release|Any CPU
		{5A2EF157-6ECC-4F4D-978F-D76B8DF5EF58}.Release|x86.Build.0 = Release|Any CPU
		{B5E9A13D-17E0-401F-9DE2-F04D2D8651F2}.Debug|Any CPU.ActiveCfg = Debug|Any CPU
		{B5E9A13D-17E0-401F-9DE2-F04D2D8651F2}.Debug|Any CPU.Build.0 = Debug|Any CPU
		{B5E9A13D-17E0-401F-9DE2-F04D2D8651F2}.Debug|x64.ActiveCfg = Debug|Any CPU
		{B5E9A13D-17E0-401F-9DE2-F04D2D8651F2}.Debug|x64.Build.0 = Debug|Any CPU
		{B5E9A13D-17E0-401F-9DE2-F04D2D8651F2}.Debug|x86.ActiveCfg = Debug|Any CPU
		{B5E9A13D-17E0-401F-9DE2-F04D2D8651F2}.Debug|x86.Build.0 = Debug|Any CPU
		{B5E9A13D-17E0-401F-9DE2-F04D2D8651F2}.Release|Any CPU.ActiveCfg = Release|Any CPU
		{B5E9A13D-17E0-401F-9DE2-F04D2D8651F2}.Release|Any CPU.Build.0 = Release|Any CPU
		{B5E9A13D-17E0-401F-9DE2-F04D2D8651F2}.Release|x64.ActiveCfg = Release|Any CPU
		{B5E9A13D-17E0-401F-9DE2-F04D2D8651F2}.Release|x64.Build.0 = Release|Any CPU
		{B5E9A13D-17E0-401F-9DE2-F04D2D8651F2}.Release|x86.ActiveCfg = Release|Any CPU
		{B5E9A13D-17E0-401F-9DE2-F04D2D8651F2}.Release|x86.Build.0 = Release|Any CPU
		{E2AA7634-7E24-4870-B187-8DD8A555C5BB}.Debug|Any CPU.ActiveCfg = Debug|Any CPU
		{E2AA7634-7E24-4870-B187-8DD8A555C5BB}.Debug|Any CPU.Build.0 = Debug|Any CPU
		{E2AA7634-7E24-4870-B187-8DD8A555C5BB}.Debug|x64.ActiveCfg = Debug|Any CPU
		{E2AA7634-7E24-4870-B187-8DD8A555C5BB}.Debug|x64.Build.0 = Debug|Any CPU
		{E2AA7634-7E24-4870-B187-8DD8A555C5BB}.Debug|x86.ActiveCfg = Debug|Any CPU
		{E2AA7634-7E24-4870-B187-8DD8A555C5BB}.Debug|x86.Build.0 = Debug|Any CPU
		{E2AA7634-7E24-4870-B187-8DD8A555C5BB}.Release|Any CPU.ActiveCfg = Release|Any CPU
		{E2AA7634-7E24-4870-B187-8DD8A555C5BB}.Release|Any CPU.Build.0 = Release|Any CPU
		{E2AA7634-7E24-4870-B187-8DD8A555C5BB}.Release|x64.ActiveCfg = Release|Any CPU
		{E2AA7634-7E24-4870-B187-8DD8A555C5BB}.Release|x64.Build.0 = Release|Any CPU
		{E2AA7634-7E24-4870-B187-8DD8A555C5BB}.Release|x86.ActiveCfg = Release|Any CPU
		{E2AA7634-7E24-4870-B187-8DD8A555C5BB}.Release|x86.Build.0 = Release|Any CPU
	EndGlobalSection
	GlobalSection(SolutionProperties) = preSolution
		HideSolutionNode = FALSE
	EndGlobalSection
	GlobalSection(NestedProjects) = preSolution
		{F9A29039-9CC2-448F-AAD2-719364BE25A6} = {827E0CD3-B72D-47B6-A68D-7590B98EB39B}
		{95A7B8CC-59EF-423A-9F68-607752A631BE} = {827E0CD3-B72D-47B6-A68D-7590B98EB39B}
		{C871BB90-B45C-4F7B-8C39-070C209E130E} = {827E0CD3-B72D-47B6-A68D-7590B98EB39B}
		{B70AD8B2-A23E-49BA-B102-F798318BA03A} = {827E0CD3-B72D-47B6-A68D-7590B98EB39B}
		{5A2EF157-6ECC-4F4D-978F-D76B8DF5EF58} = {0AB3BF05-4346-4AA6-1389-037BE0695223}
		{B5E9A13D-17E0-401F-9DE2-F04D2D8651F2} = {0AB3BF05-4346-4AA6-1389-037BE0695223}
		{E2AA7634-7E24-4870-B187-8DD8A555C5BB} = {0AB3BF05-4346-4AA6-1389-037BE0695223}
	EndGlobalSection
EndGlobal
